
Microsoft Visual Studio Solution File, Format Version 12.00
# Visual Studio Version 16
VisualStudioVersion = 16.0.31321.278
MinimumVisualStudioVersion = 10.0.40219.1
Project("{FAE04EC0-301F-11D3-BF4B-00C04F79EFBC}") = "FirstApp", "FirstApp\FirstApp.csproj", "{A4517606-C226-40FC-8D3D-8378D15FD478}"
EndProject
Global
	GlobalSection(SolutionConfigurationPlatforms) = preSolution
		Debug|Any CPU = Debug|Any CPU
		Release|Any CPU = Release|Any CPU
	EndGlobalSection
	GlobalSection(ProjectConfigurationPlatforms) = postSolution
		{A4517606-C226-40FC-8D3D-8378D15FD478}.Debug|Any CPU.ActiveCfg = Debug|Any CPU
		{A4517606-C226-40FC-8D3D-8378D15FD478}.Debug|Any CPU.Build.0 = Debug|Any CPU
		{A4517606-C226-40FC-8D3D-8378D15FD478}.Release|Any CPU.ActiveCfg = Release|Any CPU
		{A4517606-C226-40FC-8D3D-8378D15FD478}.Release|Any CPU.Build.0 = Release|Any CPU
	EndGlobalSection
	GlobalSection(SolutionProperties) = preSolution
		HideSolutionNode = FALSE
	EndGlobalSection
	GlobalSection(ExtensibilityGlobals) = postSolution
		SolutionGuid = {9D15C951-DD6B-47A8-8EBE-5209AF1E39CA}
	EndGlobalSection
EndGlobal
